
Microsoft Visual Studio Solution File, Format Version 12.00
# Visual Studio Version 16
VisualStudioVersion = 16.0.30002.166
MinimumVisualStudioVersion = 10.0.40219.1
Project("{2150E333-8FDC-42A3-9474-1A3956D46DE8}") = "Api", "Api", "{D67C38CB-39A8-4B3D-8550-7C8CA8FDA073}"
EndProject
Project("{2150E333-8FDC-42A3-9474-1A3956D46DE8}") = "Service", "Service", "{DCC167B0-2DB0-4945-8BC4-C84FA07983A4}"
EndProject
Project("{2150E333-8FDC-42A3-9474-1A3956D46DE8}") = "Domain", "Domain", "{3A6A5E78-CBA2-4EF2-B6CA-EC8BFE399A18}"
EndProject
Project("{2150E333-8FDC-42A3-9474-1A3956D46DE8}") = "Repository", "Repository", "{61822585-61C6-4539-8687-9EDF828A090B}"
EndProject
Project("{9A19103F-16F7-4668-BE54-9A1E7A4F7556}") = "WSWL.Domain", "Domain\WSWL.Domain.csproj", "{C507A1A1-3484-48CF-89C0-BD3A537187A5}"
EndProject
Project("{FAE04EC0-301F-11D3-BF4B-00C04F79EFBC}") = "WSWL.IService", "Service\WSWL.IService\WSWL.IService.csproj", "{1F461AC6-6C2A-40D5-979D-91CF85EAB4AC}"
EndProject
Project("{FAE04EC0-301F-11D3-BF4B-00C04F79EFBC}") = "WSWL.Service", "Service\WSWL.Service\WSWL.Service.csproj", "{752306CD-8EE2-4212-9DA8-F5936216E62F}"
EndProject
Project("{FAE04EC0-301F-11D3-BF4B-00C04F79EFBC}") = "WSWL.Repository", "Repository\WSWL.Repository\WSWL.Repository.csproj", "{A9EABC2C-416E-4951-92D6-000E26AA92B5}"
EndProject
Project("{FAE04EC0-301F-11D3-BF4B-00C04F79EFBC}") = "WSWL.IRepository", "Repository\WSWL.IRepository\WSWL.IRepository.csproj", "{F0EAC06D-DD35-47A9-9BDF-6E98499B8A3D}"
EndProject
Project("{FAE04EC0-301F-11D3-BF4B-00C04F79EFBC}") = "WSWL.Mapping", "Repository\WSWL.Mapping\WSWL.Mapping.csproj", "{91507B14-4D5C-4F4E-87BF-E3B4ECE603CE}"
EndProject
Project("{9A19103F-16F7-4668-BE54-9A1E7A4F7556}") = "WSWL.Api", "Api\WSWL.Api.csproj", "{FF94D031-D11A-4F2D-B5BC-9F01802723B1}"
EndProject
Global
	GlobalSection(SolutionConfigurationPlatforms) = preSolution
		Debug|Any CPU = Debug|Any CPU
		Release|Any CPU = Release|Any CPU
	EndGlobalSection
	GlobalSection(ProjectConfigurationPlatforms) = postSolution
		{C507A1A1-3484-48CF-89C0-BD3A537187A5}.Debug|Any CPU.ActiveCfg = Debug|Any CPU
		{C507A1A1-3484-48CF-89C0-BD3A537187A5}.Debug|Any CPU.Build.0 = Debug|Any CPU
		{C507A1A1-3484-48CF-89C0-BD3A537187A5}.Release|Any CPU.ActiveCfg = Release|Any CPU
		{C507A1A1-3484-48CF-89C0-BD3A537187A5}.Release|Any CPU.Build.0 = Release|Any CPU
		{1F461AC6-6C2A-40D5-979D-91CF85EAB4AC}.Debug|Any CPU.ActiveCfg = Debug|Any CPU
		{1F461AC6-6C2A-40D5-979D-91CF85EAB4AC}.Debug|Any CPU.Build.0 = Debug|Any CPU
		{1F461AC6-6C2A-40D5-979D-91CF85EAB4AC}.Release|Any CPU.ActiveCfg = Release|Any CPU
		{1F461AC6-6C2A-40D5-979D-91CF85EAB4AC}.Release|Any CPU.Build.0 = Release|Any CPU
		{752306CD-8EE2-4212-9DA8-F5936216E62F}.Debug|Any CPU.ActiveCfg = Debug|Any CPU
		{752306CD-8EE2-4212-9DA8-F5936216E62F}.Debug|Any CPU.Build.0 = Debug|Any CPU
		{752306CD-8EE2-4212-9DA8-F5936216E62F}.Release|Any CPU.ActiveCfg = Release|Any CPU
		{752306CD-8EE2-4212-9DA8-F5936216E62F}.Release|Any CPU.Build.0 = Release|Any CPU
		{A9EABC2C-416E-4951-92D6-000E26AA92B5}.Debug|Any CPU.ActiveCfg = Debug|Any CPU
		{A9EABC2C-416E-4951-92D6-000E26AA92B5}.Debug|Any CPU.Build.0 = Debug|Any CPU
		{A9EABC2C-416E-4951-92D6-000E26AA92B5}.Release|Any CPU.ActiveCfg = Release|Any CPU
		{A9EABC2C-416E-4951-92D6-000E26AA92B5}.Release|Any CPU.Build.0 = Release|Any CPU
		{F0EAC06D-DD35-47A9-9BDF-6E98499B8A3D}.Debug|Any CPU.ActiveCfg = Debug|Any CPU
		{F0EAC06D-DD35-47A9-9BDF-6E98499B8A3D}.Debug|Any CPU.Build.0 = Debug|Any CPU
		{F0EAC06D-DD35-47A9-9BDF-6E98499B8A3D}.Release|Any CPU.ActiveCfg = Release|Any CPU
		{F0EAC06D-DD35-47A9-9BDF-6E98499B8A3D}.Release|Any CPU.Build.0 = Release|Any CPU
		{91507B14-4D5C-4F4E-87BF-E3B4ECE603CE}.Debug|Any CPU.ActiveCfg = Debug|Any CPU
		{91507B14-4D5C-4F4E-87BF-E3B4ECE603CE}.Debug|Any CPU.Build.0 = Debug|Any CPU
		{91507B14-4D5C-4F4E-87BF-E3B4ECE603CE}.Release|Any CPU.ActiveCfg = Release|Any CPU
		{91507B14-4D5C-4F4E-87BF-E3B4ECE603CE}.Release|Any CPU.Build.0 = Release|Any CPU
		{FF94D031-D11A-4F2D-B5BC-9F01802723B1}.Debug|Any CPU.ActiveCfg = Debug|Any CPU
		{FF94D031-D11A-4F2D-B5BC-9F01802723B1}.Debug|Any CPU.Build.0 = Debug|Any CPU
		{FF94D031-D11A-4F2D-B5BC-9F01802723B1}.Release|Any CPU.ActiveCfg = Release|Any CPU
		{FF94D031-D11A-4F2D-B5BC-9F01802723B1}.Release|Any CPU.Build.0 = Release|Any CPU
	EndGlobalSection
	GlobalSection(SolutionProperties) = preSolution
		HideSolutionNode = FALSE
	EndGlobalSection
	GlobalSection(NestedProjects) = preSolution
		{C507A1A1-3484-48CF-89C0-BD3A537187A5} = {3A6A5E78-CBA2-4EF2-B6CA-EC8BFE399A18}
		{1F461AC6-6C2A-40D5-979D-91CF85EAB4AC} = {DCC167B0-2DB0-4945-8BC4-C84FA07983A4}
		{752306CD-8EE2-4212-9DA8-F5936216E62F} = {DCC167B0-2DB0-4945-8BC4-C84FA07983A4}
		{A9EABC2C-416E-4951-92D6-000E26AA92B5} = {61822585-61C6-4539-8687-9EDF828A090B}
		{F0EAC06D-DD35-47A9-9BDF-6E98499B8A3D} = {61822585-61C6-4539-8687-9EDF828A090B}
		{91507B14-4D5C-4F4E-87BF-E3B4ECE603CE} = {61822585-61C6-4539-8687-9EDF828A090B}
		{FF94D031-D11A-4F2D-B5BC-9F01802723B1} = {D67C38CB-39A8-4B3D-8550-7C8CA8FDA073}
	EndGlobalSection
	GlobalSection(ExtensibilityGlobals) = postSolution
		SolutionGuid = {35166E3A-60F3-4E70-A049-C28E03E7B2DF}
	EndGlobalSection
EndGlobal
